{
  "name": "google-apps-script-projects",
  "version": "1.0.0",
  "lockfileVersion": 1,
  "requires": true,
  "dependencies": {
    "@types/google-apps-script": {
      "version": "1.0.26",
      "resolved": "https://registry.npmjs.org/@types/google-apps-script/-/google-apps-script-1.0.26.tgz",
      "integrity": "sha512-zRbAzz94O6a2raDr/5pLg9RrIwhrs65/UQOgJIgTmLDa0N2zKa1nJ4q4X4Dn6oOkxyI58v+VIetKGalUQW7TJg==",
      "dev": true
    }
  }
}
